
Microsoft Visual Studio Solution File, Format Version 12.00
# Visual Studio 15
VisualStudioVersion = 15.0.28010.2026
MinimumVisualStudioVersion = 10.0.40219.1
Project("{9A19103F-16F7-4668-BE54-9A1E7A4F7556}") = "PaymentGateWay", "PaymentGateWay\PaymentGateWay.csproj", "{D828E139-C5F1-4D97-9986-DC7D642D49C3}"
EndProject
Project("{FAE04EC0-301F-11D3-BF4B-00C04F79EFBC}") = "PaymentBusinessLayer", "PaymentBusinessLayer\PaymentBusinessLayer.csproj", "{1E728692-5F7F-426A-80C3-403E839947C8}"
EndProject
Project("{FAE04EC0-301F-11D3-BF4B-00C04F79EFBC}") = "PaymentEntity", "PaymentEntity\PaymentEntity.csproj", "{87AEF672-C9AE-4502-8B56-773F8B6813C3}"
EndProject
Project("{FAE04EC0-301F-11D3-BF4B-00C04F79EFBC}") = "RepositoryPayment", "RepositoryPayment\RepositoryPayment.csproj", "{5D381991-EC39-4727-AAAA-BC12E644DBA8}"
EndProject
Global
	GlobalSection(SolutionConfigurationPlatforms) = preSolution
		Debug|Any CPU = Debug|Any CPU
		Release|Any CPU = Release|Any CPU
	EndGlobalSection
	GlobalSection(ProjectConfigurationPlatforms) = postSolution
		{D828E139-C5F1-4D97-9986-DC7D642D49C3}.Debug|Any CPU.ActiveCfg = Debug|Any CPU
		{D828E139-C5F1-4D97-9986-DC7D642D49C3}.Debug|Any CPU.Build.0 = Debug|Any CPU
		{D828E139-C5F1-4D97-9986-DC7D642D49C3}.Release|Any CPU.ActiveCfg = Release|Any CPU
		{D828E139-C5F1-4D97-9986-DC7D642D49C3}.Release|Any CPU.Build.0 = Release|Any CPU
		{1E728692-5F7F-426A-80C3-403E839947C8}.Debug|Any CPU.ActiveCfg = Debug|Any CPU
		{1E728692-5F7F-426A-80C3-403E839947C8}.Debug|Any CPU.Build.0 = Debug|Any CPU
		{1E728692-5F7F-426A-80C3-403E839947C8}.Release|Any CPU.ActiveCfg = Release|Any CPU
		{1E728692-5F7F-426A-80C3-403E839947C8}.Release|Any CPU.Build.0 = Release|Any CPU
		{87AEF672-C9AE-4502-8B56-773F8B6813C3}.Debug|Any CPU.ActiveCfg = Debug|Any CPU
		{87AEF672-C9AE-4502-8B56-773F8B6813C3}.Debug|Any CPU.Build.0 = Debug|Any CPU
		{87AEF672-C9AE-4502-8B56-773F8B6813C3}.Release|Any CPU.ActiveCfg = Release|Any CPU
		{87AEF672-C9AE-4502-8B56-773F8B6813C3}.Release|Any CPU.Build.0 = Release|Any CPU
		{5D381991-EC39-4727-AAAA-BC12E644DBA8}.Debug|Any CPU.ActiveCfg = Debug|Any CPU
		{5D381991-EC39-4727-AAAA-BC12E644DBA8}.Debug|Any CPU.Build.0 = Debug|Any CPU
		{5D381991-EC39-4727-AAAA-BC12E644DBA8}.Release|Any CPU.ActiveCfg = Release|Any CPU
		{5D381991-EC39-4727-AAAA-BC12E644DBA8}.Release|Any CPU.Build.0 = Release|Any CPU
	EndGlobalSection
	GlobalSection(SolutionProperties) = preSolution
		HideSolutionNode = FALSE
	EndGlobalSection
	GlobalSection(ExtensibilityGlobals) = postSolution
		SolutionGuid = {FCC8D6A6-B3BF-4E45-9CC7-34F288323DEA}
	EndGlobalSection
EndGlobal
